
Microsoft Visual Studio Solution File, Format Version 12.00
# Visual Studio Version 16
VisualStudioVersion = 16.0.31515.178
MinimumVisualStudioVersion = 10.0.40219.1
Project("{9A19103F-16F7-4668-BE54-9A1E7A4F7556}") = "inheritance", "learningArea\inheritance.csproj", "{9D9ADB20-5A27-4824-8779-FF7CA0779B88}"
EndProject
Project("{9A19103F-16F7-4668-BE54-9A1E7A4F7556}") = "inheritanceDIY", "kendinyap\inheritanceDIY.csproj", "{65297D5C-FB22-496E-AE8E-C19D7EE0AD0E}"
EndProject
Project("{9A19103F-16F7-4668-BE54-9A1E7A4F7556}") = "Constructors", "Constructors\Constructors.csproj", "{126F960C-075C-4E6A-94C5-6E47C7E9B790}"
EndProject
Project("{9A19103F-16F7-4668-BE54-9A1E7A4F7556}") = "ConstructorsDIY", "ConstructorsDIY\ConstructorsDIY.csproj", "{E6C1EB96-EA57-4D86-8806-DCEEAD0C97CA}"
EndProject
Project("{9A19103F-16F7-4668-BE54-9A1E7A4F7556}") = "Generics", "Generics\Generics.csproj", "{22920C4E-6F92-4A57-B001-2E3641B9336A}"
EndProject
Project("{9A19103F-16F7-4668-BE54-9A1E7A4F7556}") = "GenericsDIY", "GenericsDIY\GenericsDIY.csproj", "{756F3472-4853-4F36-BEBC-5409A2CDAA45}"
EndProject
Project("{9A19103F-16F7-4668-BE54-9A1E7A4F7556}") = "oop3DIY", "oop3DIY\oop3DIY.csproj", "{687A9703-1A49-4EAA-B64D-073236B09F80}"
EndProject
Project("{FAE04EC0-301F-11D3-BF4B-00C04F79EFBC}") = "RecapDemo1", "RecapDemo1\RecapDemo1.csproj", "{CDCE4928-1095-4583-ADAD-C231520D464C}"
EndProject
Project("{FAE04EC0-301F-11D3-BF4B-00C04F79EFBC}") = "recapDemoDIY", "recapDemoDIY\recapDemoDIY.csproj", "{C5E17EBC-0AC7-43CF-BA44-80DA8AC9D3C8}"
EndProject
Project("{FAE04EC0-301F-11D3-BF4B-00C04F79EFBC}") = "Interfaces", "Interfaces\Interfaces.csproj", "{3A7800B1-C5CB-44CC-B2D1-970E65DE0A88}"
EndProject
Project("{FAE04EC0-301F-11D3-BF4B-00C04F79EFBC}") = "Interfaces2", "Interfaces2\Interfaces2.csproj", "{9272DC93-4A0B-41AF-89EC-B8D5694786DE}"
EndProject
Project("{FAE04EC0-301F-11D3-BF4B-00C04F79EFBC}") = "Inheritance2", "Inheritance2\Inheritance2.csproj", "{14CFF141-F457-4628-8586-52FB0582E842}"
EndProject
Project("{FAE04EC0-301F-11D3-BF4B-00C04F79EFBC}") = "Interfaces3", "Interfaces3\Interfaces3.csproj", "{387687E4-958C-4192-BED6-AC26DA16E909}"
EndProject
Project("{FAE04EC0-301F-11D3-BF4B-00C04F79EFBC}") = "AbstractClasses", "AbstractClasses\AbstractClasses.csproj", "{7AAD6452-DB78-4F70-B42C-D55D0876D064}"
EndProject
Project("{FAE04EC0-301F-11D3-BF4B-00C04F79EFBC}") = "InterfaceAbstract", "InterfaceAbstract\InterfaceAbstract.csproj", "{EADBB711-6F5B-4F50-9A30-BF0BD24CAE32}"
EndProject
Project("{9A19103F-16F7-4668-BE54-9A1E7A4F7556}") = "GameProject", "GameProject\GameProject.csproj", "{EA4C73D4-7DA8-45A0-BD8E-64F0D45A45FD}"
EndProject
Project("{FAE04EC0-301F-11D3-BF4B-00C04F79EFBC}") = "LinqProject", "LinqProject\LinqProject.csproj", "{5F1ACA0C-1C86-408B-9716-2CADA238F9E7}"
EndProject
Global
	GlobalSection(SolutionConfigurationPlatforms) = preSolution
		Debug|Any CPU = Debug|Any CPU
		Release|Any CPU = Release|Any CPU
	EndGlobalSection
	GlobalSection(ProjectConfigurationPlatforms) = postSolution
		{9D9ADB20-5A27-4824-8779-FF7CA0779B88}.Debug|Any CPU.ActiveCfg = Debug|Any CPU
		{9D9ADB20-5A27-4824-8779-FF7CA0779B88}.Debug|Any CPU.Build.0 = Debug|Any CPU
		{9D9ADB20-5A27-4824-8779-FF7CA0779B88}.Release|Any CPU.ActiveCfg = Release|Any CPU
		{9D9ADB20-5A27-4824-8779-FF7CA0779B88}.Release|Any CPU.Build.0 = Release|Any CPU
		{65297D5C-FB22-496E-AE8E-C19D7EE0AD0E}.Debug|Any CPU.ActiveCfg = Debug|Any CPU
		{65297D5C-FB22-496E-AE8E-C19D7EE0AD0E}.Debug|Any CPU.Build.0 = Debug|Any CPU
		{65297D5C-FB22-496E-AE8E-C19D7EE0AD0E}.Release|Any CPU.ActiveCfg = Release|Any CPU
		{65297D5C-FB22-496E-AE8E-C19D7EE0AD0E}.Release|Any CPU.Build.0 = Release|Any CPU
		{126F960C-075C-4E6A-94C5-6E47C7E9B790}.Debug|Any CPU.ActiveCfg = Debug|Any CPU
		{126F960C-075C-4E6A-94C5-6E47C7E9B790}.Debug|Any CPU.Build.0 = Debug|Any CPU
		{126F960C-075C-4E6A-94C5-6E47C7E9B790}.Release|Any CPU.ActiveCfg = Release|Any CPU
		{126F960C-075C-4E6A-94C5-6E47C7E9B790}.Release|Any CPU.Build.0 = Release|Any CPU
		{E6C1EB96-EA57-4D86-8806-DCEEAD0C97CA}.Debug|Any CPU.ActiveCfg = Debug|Any CPU
		{E6C1EB96-EA57-4D86-8806-DCEEAD0C97CA}.Debug|Any CPU.Build.0 = Debug|Any CPU
		{E6C1EB96-EA57-4D86-8806-DCEEAD0C97CA}.Release|Any CPU.ActiveCfg = Release|Any CPU
		{E6C1EB96-EA57-4D86-8806-DCEEAD0C97CA}.Release|Any CPU.Build.0 = Release|Any CPU
		{22920C4E-6F92-4A57-B001-2E3641B9336A}.Debug|Any CPU.ActiveCfg = Debug|Any CPU
		{22920C4E-6F92-4A57-B001-2E3641B9336A}.Debug|Any CPU.Build.0 = Debug|Any CPU
		{22920C4E-6F92-4A57-B001-2E3641B9336A}.Release|Any CPU.ActiveCfg = Release|Any CPU
		{22920C4E-6F92-4A57-B001-2E3641B9336A}.Release|Any CPU.Build.0 = Release|Any CPU
		{756F3472-4853-4F36-BEBC-5409A2CDAA45}.Debug|Any CPU.ActiveCfg = Debug|Any CPU
		{756F3472-4853-4F36-BEBC-5409A2CDAA45}.Debug|Any CPU.Build.0 = Debug|Any CPU
		{756F3472-4853-4F36-BEBC-5409A2CDAA45}.Release|Any CPU.ActiveCfg = Release|Any CPU
		{756F3472-4853-4F36-BEBC-5409A2CDAA45}.Release|Any CPU.Build.0 = Release|Any CPU
		{687A9703-1A49-4EAA-B64D-073236B09F80}.Debug|Any CPU.ActiveCfg = Debug|Any CPU
		{687A9703-1A49-4EAA-B64D-073236B09F80}.Debug|Any CPU.Build.0 = Debug|Any CPU
		{687A9703-1A49-4EAA-B64D-073236B09F80}.Release|Any CPU.ActiveCfg = Release|Any CPU
		{687A9703-1A49-4EAA-B64D-073236B09F80}.Release|Any CPU.Build.0 = Release|Any CPU
		{CDCE4928-1095-4583-ADAD-C231520D464C}.Debug|Any CPU.ActiveCfg = Debug|Any CPU
		{CDCE4928-1095-4583-ADAD-C231520D464C}.Debug|Any CPU.Build.0 = Debug|Any CPU
		{CDCE4928-1095-4583-ADAD-C231520D464C}.Release|Any CPU.ActiveCfg = Release|Any CPU
		{CDCE4928-1095-4583-ADAD-C231520D464C}.Release|Any CPU.Build.0 = Release|Any CPU
		{C5E17EBC-0AC7-43CF-BA44-80DA8AC9D3C8}.Debug|Any CPU.ActiveCfg = Debug|Any CPU
		{C5E17EBC-0AC7-43CF-BA44-80DA8AC9D3C8}.Debug|Any CPU.Build.0 = Debug|Any CPU
		{C5E17EBC-0AC7-43CF-BA44-80DA8AC9D3C8}.Release|Any CPU.ActiveCfg = Release|Any CPU
		{C5E17EBC-0AC7-43CF-BA44-80DA8AC9D3C8}.Release|Any CPU.Build.0 = Release|Any CPU
		{3A7800B1-C5CB-44CC-B2D1-970E65DE0A88}.Debug|Any CPU.ActiveCfg = Debug|Any CPU
		{3A7800B1-C5CB-44CC-B2D1-970E65DE0A88}.Debug|Any CPU.Build.0 = Debug|Any CPU
		{3A7800B1-C5CB-44CC-B2D1-970E65DE0A88}.Release|Any CPU.ActiveCfg = Release|Any CPU
		{3A7800B1-C5CB-44CC-B2D1-970E65DE0A88}.Release|Any CPU.Build.0 = Release|Any CPU
		{9272DC93-4A0B-41AF-89EC-B8D5694786DE}.Debug|Any CPU.ActiveCfg = Debug|Any CPU
		{9272DC93-4A0B-41AF-89EC-B8D5694786DE}.Debug|Any CPU.Build.0 = Debug|Any CPU
		{9272DC93-4A0B-41AF-89EC-B8D5694786DE}.Release|Any CPU.ActiveCfg = Release|Any CPU
		{9272DC93-4A0B-41AF-89EC-B8D5694786DE}.Release|Any CPU.Build.0 = Release|Any CPU
		{14CFF141-F457-4628-8586-52FB0582E842}.Debug|Any CPU.ActiveCfg = Debug|Any CPU
		{14CFF141-F457-4628-8586-52FB0582E842}.Debug|Any CPU.Build.0 = Debug|Any CPU
		{14CFF141-F457-4628-8586-52FB0582E842}.Release|Any CPU.ActiveCfg = Release|Any CPU
		{14CFF141-F457-4628-8586-52FB0582E842}.Release|Any CPU.Build.0 = Release|Any CPU
		{387687E4-958C-4192-BED6-AC26DA16E909}.Debug|Any CPU.ActiveCfg = Debug|Any CPU
		{387687E4-958C-4192-BED6-AC26DA16E909}.Debug|Any CPU.Build.0 = Debug|Any CPU
		{387687E4-958C-4192-BED6-AC26DA16E909}.Release|Any CPU.ActiveCfg = Release|Any CPU
		{387687E4-958C-4192-BED6-AC26DA16E909}.Release|Any CPU.Build.0 = Release|Any CPU
		{7AAD6452-DB78-4F70-B42C-D55D0876D064}.Debug|Any CPU.ActiveCfg = Debug|Any CPU
		{7AAD6452-DB78-4F70-B42C-D55D0876D064}.Debug|Any CPU.Build.0 = Debug|Any CPU
		{7AAD6452-DB78-4F70-B42C-D55D0876D064}.Release|Any CPU.ActiveCfg = Release|Any CPU
		{7AAD6452-DB78-4F70-B42C-D55D0876D064}.Release|Any CPU.Build.0 = Release|Any CPU
		{EADBB711-6F5B-4F50-9A30-BF0BD24CAE32}.Debug|Any CPU.ActiveCfg = Debug|Any CPU
		{EADBB711-6F5B-4F50-9A30-BF0BD24CAE32}.Debug|Any CPU.Build.0 = Debug|Any CPU
		{EADBB711-6F5B-4F50-9A30-BF0BD24CAE32}.Release|Any CPU.ActiveCfg = Release|Any CPU
		{EADBB711-6F5B-4F50-9A30-BF0BD24CAE32}.Release|Any CPU.Build.0 = Release|Any CPU
		{EA4C73D4-7DA8-45A0-BD8E-64F0D45A45FD}.Debug|Any CPU.ActiveCfg = Debug|Any CPU
		{EA4C73D4-7DA8-45A0-BD8E-64F0D45A45FD}.Debug|Any CPU.Build.0 = Debug|Any CPU
		{EA4C73D4-7DA8-45A0-BD8E-64F0D45A45FD}.Release|Any CPU.ActiveCfg = Release|Any CPU
		{EA4C73D4-7DA8-45A0-BD8E-64F0D45A45FD}.Release|Any CPU.Build.0 = Release|Any CPU
		{5F1ACA0C-1C86-408B-9716-2CADA238F9E7}.Debug|Any CPU.ActiveCfg = Debug|Any CPU
		{5F1ACA0C-1C86-408B-9716-2CADA238F9E7}.Debug|Any CPU.Build.0 = Debug|Any CPU
		{5F1ACA0C-1C86-408B-9716-2CADA238F9E7}.Release|Any CPU.ActiveCfg = Release|Any CPU
		{5F1ACA0C-1C86-408B-9716-2CADA238F9E7}.Release|Any CPU.Build.0 = Release|Any CPU
	EndGlobalSection
	GlobalSection(SolutionProperties) = preSolution
		HideSolutionNode = FALSE
	EndGlobalSection
	GlobalSection(ExtensibilityGlobals) = postSolution
		SolutionGuid = {53F8384C-1159-4E5F-9E90-85832FD7C8E9}
	EndGlobalSection
EndGlobal
